
Microsoft Visual Studio Solution File, Format Version 12.00
# Visual Studio Version 17
VisualStudioVersion = 17.10.35013.160
MinimumVisualStudioVersion = 10.0.40219.1
Project("{2150E333-8FDC-42A3-9474-1A3956D46DE8}") = "Services", "Services", "{9CC93089-31A7-427A-AA62-2D0B47417F20}"
EndProject
Project("{2150E333-8FDC-42A3-9474-1A3956D46DE8}") = "Catalog", "Catalog", "{E1A76770-D8EC-4DEA-B286-6683B96AD29A}"
EndProject
Project("{9A19103F-16F7-4668-BE54-9A1E7A4F7556}") = "CatalogAPI", "Services\Catalog\CatalogAPI\CatalogAPI.csproj", "{19A4F9D4-62E5-4F4F-88F2-F0D739AB8AE6}"
EndProject
Project("{2150E333-8FDC-42A3-9474-1A3956D46DE8}") = "BuildingBlocks", "BuildingBlocks", "{B8FBB40E-0999-4921-BED0-A0C0780731AB}"
EndProject
Project("{9A19103F-16F7-4668-BE54-9A1E7A4F7556}") = "BuildingBlocks", "BuildingBlocks\BuildingBlocks\BuildingBlocks.csproj", "{43A387B8-608C-4456-AFEA-4BF37CF1AA98}"
EndProject
Project("{E53339B2-1760-4266-BCC7-CA923CBCF16C}") = "docker-compose", "docker-compose.dcproj", "{A2770EF5-C4A7-4CD9-920B-2F4BE2E959A6}"
EndProject
Project("{2150E333-8FDC-42A3-9474-1A3956D46DE8}") = "Basket", "Basket", "{538FA18B-CC42-4647-87BA-1498E7546421}"
EndProject
Project("{9A19103F-16F7-4668-BE54-9A1E7A4F7556}") = "Basket.API", "Services\Basket\Basket.API\Basket.API.csproj", "{ECDC0720-B294-4C33-A605-7436DFBB7FC6}"
EndProject
Project("{2150E333-8FDC-42A3-9474-1A3956D46DE8}") = "Discount", "Discount", "{9B8DAE67-9441-4BFA-A6A7-D951FE8043FA}"
EndProject
Project("{9A19103F-16F7-4668-BE54-9A1E7A4F7556}") = "Discount.Grpc", "Services\Discount\Discount.Grpc\Discount.Grpc.csproj", "{B271150C-5C09-42DD-882A-3D716BFEA986}"
EndProject
Project("{9A19103F-16F7-4668-BE54-9A1E7A4F7556}") = "eshop-microservices.AppHost", "eshop-microservices.AppHost\eshop-microservices.AppHost.csproj", "{CBD0B591-37FE-4739-90FF-543F2E063DED}"
EndProject
Project("{9A19103F-16F7-4668-BE54-9A1E7A4F7556}") = "eshop-microservices.ServiceDefaults", "eshop-microservices.ServiceDefaults\eshop-microservices.ServiceDefaults.csproj", "{B359D4DB-63CD-4A62-BF9A-5B45102C6BAA}"
EndProject
Project("{2150E333-8FDC-42A3-9474-1A3956D46DE8}") = "Ordering", "Ordering", "{2760A10A-3454-4123-A649-3CE7917C5E24}"
EndProject
Project("{9A19103F-16F7-4668-BE54-9A1E7A4F7556}") = "Ordering.API", "Services\Ordering\Ordering.API\Ordering.API.csproj", "{C21A097C-C2FB-4FDC-BCF1-76E4575E568F}"
EndProject
Project("{9A19103F-16F7-4668-BE54-9A1E7A4F7556}") = "Ordering.Domain", "Services\Ordering\Ordering.Domain\Ordering.Domain.csproj", "{3A543921-F18F-4423-BDA1-6A269A693BDA}"
EndProject
Project("{9A19103F-16F7-4668-BE54-9A1E7A4F7556}") = "Ordering.Application", "Services\Ordering\Ordering.Application\Ordering.Application.csproj", "{61F0D750-F13D-42B3-880D-073734763383}"
EndProject
Project("{9A19103F-16F7-4668-BE54-9A1E7A4F7556}") = "Ordering.Infrastructure", "Services\Ordering\Ordering.Infrastructure\Ordering.Infrastructure.csproj", "{210C04A0-4272-4B62-B56B-38BC670305FD}"
EndProject
Project("{9A19103F-16F7-4668-BE54-9A1E7A4F7556}") = "BuildingBlocks.Messaging", "BuildingBlocks\BuildingBlocks.Messaging\BuildingBlocks.Messaging.csproj", "{C8B32AED-9609-4D08-B163-8BB2205C59A8}"
EndProject
Project("{2150E333-8FDC-42A3-9474-1A3956D46DE8}") = "ApiGateways", "ApiGateways", "{606451EF-5110-495A-95B3-E1F95A32D02C}"
EndProject
Project("{9A19103F-16F7-4668-BE54-9A1E7A4F7556}") = "YarpApiGateway", "ApiGateways\YarpApiGateway\YarpApiGateway.csproj", "{1BA42DD9-2D5E-411F-98E5-D9084B7092BB}"
EndProject
Project("{2150E333-8FDC-42A3-9474-1A3956D46DE8}") = "WebApps", "WebApps", "{E869F56F-0115-45C2-B893-B1C1DE81EA9F}"
EndProject
Project("{FAE04EC0-301F-11D3-BF4B-00C04F79EFBC}") = "Shopping.Web", "WebApps\Shopping.Web\Shopping.Web.csproj", "{A0653615-18DD-48B2-AE97-EA261A3937F1}"
EndProject
Global
	GlobalSection(SolutionConfigurationPlatforms) = preSolution
		Debug|Any CPU = Debug|Any CPU
		Release|Any CPU = Release|Any CPU
	EndGlobalSection
	GlobalSection(ProjectConfigurationPlatforms) = postSolution
		{19A4F9D4-62E5-4F4F-88F2-F0D739AB8AE6}.Debug|Any CPU.ActiveCfg = Debug|Any CPU
		{19A4F9D4-62E5-4F4F-88F2-F0D739AB8AE6}.Debug|Any CPU.Build.0 = Debug|Any CPU
		{19A4F9D4-62E5-4F4F-88F2-F0D739AB8AE6}.Release|Any CPU.ActiveCfg = Release|Any CPU
		{19A4F9D4-62E5-4F4F-88F2-F0D739AB8AE6}.Release|Any CPU.Build.0 = Release|Any CPU
		{43A387B8-608C-4456-AFEA-4BF37CF1AA98}.Debug|Any CPU.ActiveCfg = Debug|Any CPU
		{43A387B8-608C-4456-AFEA-4BF37CF1AA98}.Debug|Any CPU.Build.0 = Debug|Any CPU
		{43A387B8-608C-4456-AFEA-4BF37CF1AA98}.Release|Any CPU.ActiveCfg = Release|Any CPU
		{43A387B8-608C-4456-AFEA-4BF37CF1AA98}.Release|Any CPU.Build.0 = Release|Any CPU
		{A2770EF5-C4A7-4CD9-920B-2F4BE2E959A6}.Debug|Any CPU.ActiveCfg = Debug|Any CPU
		{A2770EF5-C4A7-4CD9-920B-2F4BE2E959A6}.Debug|Any CPU.Build.0 = Debug|Any CPU
		{A2770EF5-C4A7-4CD9-920B-2F4BE2E959A6}.Release|Any CPU.ActiveCfg = Release|Any CPU
		{A2770EF5-C4A7-4CD9-920B-2F4BE2E959A6}.Release|Any CPU.Build.0 = Release|Any CPU
		{ECDC0720-B294-4C33-A605-7436DFBB7FC6}.Debug|Any CPU.ActiveCfg = Debug|Any CPU
		{ECDC0720-B294-4C33-A605-7436DFBB7FC6}.Debug|Any CPU.Build.0 = Debug|Any CPU
		{ECDC0720-B294-4C33-A605-7436DFBB7FC6}.Release|Any CPU.ActiveCfg = Release|Any CPU
		{ECDC0720-B294-4C33-A605-7436DFBB7FC6}.Release|Any CPU.Build.0 = Release|Any CPU
		{B271150C-5C09-42DD-882A-3D716BFEA986}.Debug|Any CPU.ActiveCfg = Debug|Any CPU
		{B271150C-5C09-42DD-882A-3D716BFEA986}.Debug|Any CPU.Build.0 = Debug|Any CPU
		{B271150C-5C09-42DD-882A-3D716BFEA986}.Release|Any CPU.ActiveCfg = Release|Any CPU
		{B271150C-5C09-42DD-882A-3D716BFEA986}.Release|Any CPU.Build.0 = Release|Any CPU
		{CBD0B591-37FE-4739-90FF-543F2E063DED}.Debug|Any CPU.ActiveCfg = Debug|Any CPU
		{CBD0B591-37FE-4739-90FF-543F2E063DED}.Debug|Any CPU.Build.0 = Debug|Any CPU
		{CBD0B591-37FE-4739-90FF-543F2E063DED}.Release|Any CPU.ActiveCfg = Release|Any CPU
		{CBD0B591-37FE-4739-90FF-543F2E063DED}.Release|Any CPU.Build.0 = Release|Any CPU
		{B359D4DB-63CD-4A62-BF9A-5B45102C6BAA}.Debug|Any CPU.ActiveCfg = Debug|Any CPU
		{B359D4DB-63CD-4A62-BF9A-5B45102C6BAA}.Debug|Any CPU.Build.0 = Debug|Any CPU
		{B359D4DB-63CD-4A62-BF9A-5B45102C6BAA}.Release|Any CPU.ActiveCfg = Release|Any CPU
		{B359D4DB-63CD-4A62-BF9A-5B45102C6BAA}.Release|Any CPU.Build.0 = Release|Any CPU
		{C21A097C-C2FB-4FDC-BCF1-76E4575E568F}.Debug|Any CPU.ActiveCfg = Debug|Any CPU
		{C21A097C-C2FB-4FDC-BCF1-76E4575E568F}.Debug|Any CPU.Build.0 = Debug|Any CPU
		{C21A097C-C2FB-4FDC-BCF1-76E4575E568F}.Release|Any CPU.ActiveCfg = Release|Any CPU
		{C21A097C-C2FB-4FDC-BCF1-76E4575E568F}.Release|Any CPU.Build.0 = Release|Any CPU
		{3A543921-F18F-4423-BDA1-6A269A693BDA}.Debug|Any CPU.ActiveCfg = Debug|Any CPU
		{3A543921-F18F-4423-BDA1-6A269A693BDA}.Debug|Any CPU.Build.0 = Debug|Any CPU
		{3A543921-F18F-4423-BDA1-6A269A693BDA}.Release|Any CPU.ActiveCfg = Release|Any CPU
		{3A543921-F18F-4423-BDA1-6A269A693BDA}.Release|Any CPU.Build.0 = Release|Any CPU
		{61F0D750-F13D-42B3-880D-073734763383}.Debug|Any CPU.ActiveCfg = Debug|Any CPU
		{61F0D750-F13D-42B3-880D-073734763383}.Debug|Any CPU.Build.0 = Debug|Any CPU
		{61F0D750-F13D-42B3-880D-073734763383}.Release|Any CPU.ActiveCfg = Release|Any CPU
		{61F0D750-F13D-42B3-880D-073734763383}.Release|Any CPU.Build.0 = Release|Any CPU
		{210C04A0-4272-4B62-B56B-38BC670305FD}.Debug|Any CPU.ActiveCfg = Debug|Any CPU
		{210C04A0-4272-4B62-B56B-38BC670305FD}.Debug|Any CPU.Build.0 = Debug|Any CPU
		{210C04A0-4272-4B62-B56B-38BC670305FD}.Release|Any CPU.ActiveCfg = Release|Any CPU
		{210C04A0-4272-4B62-B56B-38BC670305FD}.Release|Any CPU.Build.0 = Release|Any CPU
		{C8B32AED-9609-4D08-B163-8BB2205C59A8}.Debug|Any CPU.ActiveCfg = Debug|Any CPU
		{C8B32AED-9609-4D08-B163-8BB2205C59A8}.Debug|Any CPU.Build.0 = Debug|Any CPU
		{C8B32AED-9609-4D08-B163-8BB2205C59A8}.Release|Any CPU.ActiveCfg = Release|Any CPU
		{C8B32AED-9609-4D08-B163-8BB2205C59A8}.Release|Any CPU.Build.0 = Release|Any CPU
		{1BA42DD9-2D5E-411F-98E5-D9084B7092BB}.Debug|Any CPU.ActiveCfg = Debug|Any CPU
		{1BA42DD9-2D5E-411F-98E5-D9084B7092BB}.Debug|Any CPU.Build.0 = Debug|Any CPU
		{1BA42DD9-2D5E-411F-98E5-D9084B7092BB}.Release|Any CPU.ActiveCfg = Release|Any CPU
		{1BA42DD9-2D5E-411F-98E5-D9084B7092BB}.Release|Any CPU.Build.0 = Release|Any CPU
		{A0653615-18DD-48B2-AE97-EA261A3937F1}.Debug|Any CPU.ActiveCfg = Debug|Any CPU
		{A0653615-18DD-48B2-AE97-EA261A3937F1}.Debug|Any CPU.Build.0 = Debug|Any CPU
		{A0653615-18DD-48B2-AE97-EA261A3937F1}.Release|Any CPU.ActiveCfg = Release|Any CPU
		{A0653615-18DD-48B2-AE97-EA261A3937F1}.Release|Any CPU.Build.0 = Release|Any CPU
	EndGlobalSection
	GlobalSection(SolutionProperties) = preSolution
		HideSolutionNode = FALSE
	EndGlobalSection
	GlobalSection(NestedProjects) = preSolution
		{E1A76770-D8EC-4DEA-B286-6683B96AD29A} = {9CC93089-31A7-427A-AA62-2D0B47417F20}
		{19A4F9D4-62E5-4F4F-88F2-F0D739AB8AE6} = {E1A76770-D8EC-4DEA-B286-6683B96AD29A}
		{43A387B8-608C-4456-AFEA-4BF37CF1AA98} = {B8FBB40E-0999-4921-BED0-A0C0780731AB}
		{538FA18B-CC42-4647-87BA-1498E7546421} = {9CC93089-31A7-427A-AA62-2D0B47417F20}
		{ECDC0720-B294-4C33-A605-7436DFBB7FC6} = {538FA18B-CC42-4647-87BA-1498E7546421}
		{9B8DAE67-9441-4BFA-A6A7-D951FE8043FA} = {9CC93089-31A7-427A-AA62-2D0B47417F20}
		{B271150C-5C09-42DD-882A-3D716BFEA986} = {9B8DAE67-9441-4BFA-A6A7-D951FE8043FA}
		{2760A10A-3454-4123-A649-3CE7917C5E24} = {9CC93089-31A7-427A-AA62-2D0B47417F20}
		{C21A097C-C2FB-4FDC-BCF1-76E4575E568F} = {2760A10A-3454-4123-A649-3CE7917C5E24}
		{3A543921-F18F-4423-BDA1-6A269A693BDA} = {2760A10A-3454-4123-A649-3CE7917C5E24}
		{61F0D750-F13D-42B3-880D-073734763383} = {2760A10A-3454-4123-A649-3CE7917C5E24}
		{210C04A0-4272-4B62-B56B-38BC670305FD} = {2760A10A-3454-4123-A649-3CE7917C5E24}
		{C8B32AED-9609-4D08-B163-8BB2205C59A8} = {B8FBB40E-0999-4921-BED0-A0C0780731AB}
		{1BA42DD9-2D5E-411F-98E5-D9084B7092BB} = {606451EF-5110-495A-95B3-E1F95A32D02C}
		{A0653615-18DD-48B2-AE97-EA261A3937F1} = {E869F56F-0115-45C2-B893-B1C1DE81EA9F}
	EndGlobalSection
	GlobalSection(ExtensibilityGlobals) = postSolution
		SolutionGuid = {72CC76DD-2BEE-4290-BA52-9240C64476E0}
	EndGlobalSection
EndGlobal
